Microsoft Visual Studio Solution File, Format Version 12.00
# Visual Studio 16
Project("{8BC9CEB8-8B4A-11D0-8D11-00A0C91BC942}") = "ALL_BUILD", "ALL_BUILD.vcxproj", "{FA18928F-71F8-3FF2-BA20-C69E5492658E}"
	ProjectSection(ProjectDependencies) = postProject
		{80926F6A-6117-3B5B-831D-02EDB5485AA7} = {80926F6A-6117-3B5B-831D-02EDB5485AA7}
		{503E1E7B-E999-389F-BE1B-9D229F3CF903} = {503E1E7B-E999-389F-BE1B-9D229F3CF903}
	EndProjectSection
EndProject
Project("{8BC9CEB8-8B4A-11D0-8D11-00A0C91BC942}") = "RUN_TESTS", "RUN_TESTS.vcxproj", "{00CF1E73-41C9-3ED5-8E5F-9818AF2E0DF0}"
	ProjectSection(ProjectDependencies) = postProject
		{80926F6A-6117-3B5B-831D-02EDB5485AA7} = {80926F6A-6117-3B5B-831D-02EDB5485AA7}
	EndProjectSection
EndProject
Project("{8BC9CEB8-8B4A-11D0-8D11-00A0C91BC942}") = "ZERO_CHECK", "ZERO_CHECK.vcxproj", "{80926F6A-6117-3B5B-831D-02EDB5485AA7}"
	ProjectSection(ProjectDependencies) = postProject
	EndProjectSection
EndProject
Project("{8BC9CEB8-8B4A-11D0-8D11-00A0C91BC942}") = "student_tests", "student_tests.vcxproj", "{503E1E7B-E999-389F-BE1B-9D229F3CF903}"
	ProjectSection(ProjectDependencies) = postProject
		{80926F6A-6117-3B5B-831D-02EDB5485AA7} = {80926F6A-6117-3B5B-831D-02EDB5485AA7}
	EndProjectSection
EndProject
Project("{8BC9CEB8-8B4A-11D0-8D11-00A0C91BC942}") = "submission", "submission.vcxproj", "{C7AD89CE-83E0-3C4B-A9C3-020CA525882A}"
	ProjectSection(ProjectDependencies) = postProject
		{80926F6A-6117-3B5B-831D-02EDB5485AA7} = {80926F6A-6117-3B5B-831D-02EDB5485AA7}
	EndProjectSection
EndProject
Global
	GlobalSection(SolutionConfigurationPlatforms) = preSolution
		Debug|x64 = Debug|x64
		Release|x64 = Release|x64
		MinSizeRel|x64 = MinSizeRel|x64
		RelWithDebInfo|x64 = RelWithDebInfo|x64
	EndGlobalSection
	GlobalSection(ProjectConfigurationPlatforms) = postSolution
		{FA18928F-71F8-3FF2-BA20-C69E5492658E}.Debug|x64.ActiveCfg = Debug|x64
		{FA18928F-71F8-3FF2-BA20-C69E5492658E}.Release|x64.ActiveCfg = Release|x64
		{FA18928F-71F8-3FF2-BA20-C69E5492658E}.MinSizeRel|x64.ActiveCfg = MinSizeRel|x64
		{FA18928F-71F8-3FF2-BA20-C69E5492658E}.RelWithDebInfo|x64.ActiveCfg = RelWithDebInfo|x64
		{00CF1E73-41C9-3ED5-8E5F-9818AF2E0DF0}.Debug|x64.ActiveCfg = Debug|x64
		{00CF1E73-41C9-3ED5-8E5F-9818AF2E0DF0}.Release|x64.ActiveCfg = Release|x64
		{00CF1E73-41C9-3ED5-8E5F-9818AF2E0DF0}.MinSizeRel|x64.ActiveCfg = MinSizeRel|x64
		{00CF1E73-41C9-3ED5-8E5F-9818AF2E0DF0}.RelWithDebInfo|x64.ActiveCfg = RelWithDebInfo|x64
		{80926F6A-6117-3B5B-831D-02EDB5485AA7}.Debug|x64.ActiveCfg = Debug|x64
		{80926F6A-6117-3B5B-831D-02EDB5485AA7}.Debug|x64.Build.0 = Debug|x64
		{80926F6A-6117-3B5B-831D-02EDB5485AA7}.Release|x64.ActiveCfg = Release|x64
		{80926F6A-6117-3B5B-831D-02EDB5485AA7}.Release|x64.Build.0 = Release|x64
		{80926F6A-6117-3B5B-831D-02EDB5485AA7}.MinSizeRel|x64.ActiveCfg = MinSizeRel|x64
		{80926F6A-6117-3B5B-831D-02EDB5485AA7}.MinSizeRel|x64.Build.0 = MinSizeRel|x64
		{80926F6A-6117-3B5B-831D-02EDB5485AA7}.RelWithDebInfo|x64.ActiveCfg = RelWithDebInfo|x64
		{80926F6A-6117-3B5B-831D-02EDB5485AA7}.RelWithDebInfo|x64.Build.0 = RelWithDebInfo|x64
		{503E1E7B-E999-389F-BE1B-9D229F3CF903}.Debug|x64.ActiveCfg = Debug|x64
		{503E1E7B-E999-389F-BE1B-9D229F3CF903}.Debug|x64.Build.0 = Debug|x64
		{503E1E7B-E999-389F-BE1B-9D229F3CF903}.Release|x64.ActiveCfg = Release|x64
		{503E1E7B-E999-389F-BE1B-9D229F3CF903}.Release|x64.Build.0 = Release|x64
		{503E1E7B-E999-389F-BE1B-9D229F3CF903}.MinSizeRel|x64.ActiveCfg = MinSizeRel|x64
		{503E1E7B-E999-389F-BE1B-9D229F3CF903}.MinSizeRel|x64.Build.0 = MinSizeRel|x64
		{503E1E7B-E999-389F-BE1B-9D229F3CF903}.RelWithDebInfo|x64.ActiveCfg = RelWithDebInfo|x64
		{503E1E7B-E999-389F-BE1B-9D229F3CF903}.RelWithDebInfo|x64.Build.0 = RelWithDebInfo|x64
		{C7AD89CE-83E0-3C4B-A9C3-020CA525882A}.Debug|x64.ActiveCfg = Debug|x64
		{C7AD89CE-83E0-3C4B-A9C3-020CA525882A}.Release|x64.ActiveCfg = Release|x64
		{C7AD89CE-83E0-3C4B-A9C3-020CA525882A}.MinSizeRel|x64.ActiveCfg = MinSizeRel|x64
		{C7AD89CE-83E0-3C4B-A9C3-020CA525882A}.RelWithDebInfo|x64.ActiveCfg = RelWithDebInfo|x64
	EndGlobalSection
	GlobalSection(ExtensibilityGlobals) = postSolution
		SolutionGuid = {EED47BDD-AD63-3DC4-9DEB-30F39BCAE50B}
	EndGlobalSection
	GlobalSection(ExtensibilityAddIns) = postSolution
	EndGlobalSection
EndGlobal
